Microsoft Visual Studio Solution File, Format Version 12.00
# Visual Studio Version 17
VisualStudioVersion = 17.8.34511.84
MinimumVisualStudioVersion = 10.0.40219.1
Project("{9A19103F-16F7-4668-BE54-9A1E7A4F7556}") = "LucidOcean.RuleEngine", "LucidOcean.RuleEngine\LucidOcean.RuleEngine.csproj", "{B0C132A6-308C-4867-A903-2C0CD3D750CD}"
EndProject
Project("{9A19103F-16F7-4668-BE54-9A1E7A4F7556}") = "Example", "Example\Example.csproj", "{5653A36B-DAE2-41AF-91BF-43E27D31E865}"
EndProject
Global
	GlobalSection(SolutionConfigurationPlatforms) = preSolution
		Debug|Any CPU = Debug|Any CPU
		Release|Any CPU = Release|Any CPU
	EndGlobalSection
	GlobalSection(ProjectConfigurationPlatforms) = postSolution
		{B0C132A6-308C-4867-A903-2C0CD3D750CD}.Debug|Any CPU.ActiveCfg = Debug|Any CPU
		{B0C132A6-308C-4867-A903-2C0CD3D750CD}.Debug|Any CPU.Build.0 = Debug|Any CPU
		{B0C132A6-308C-4867-A903-2C0CD3D750CD}.Release|Any CPU.ActiveCfg = Release|Any CPU
		{B0C132A6-308C-4867-A903-2C0CD3D750CD}.Release|Any CPU.Build.0 = Release|Any CPU
		{5653A36B-DAE2-41AF-91BF-43E27D31E865}.Debug|Any CPU.ActiveCfg = Debug|Any CPU
		{5653A36B-DAE2-41AF-91BF-43E27D31E865}.Debug|Any CPU.Build.0 = Debug|Any CPU
		{5653A36B-DAE2-41AF-91BF-43E27D31E865}.Release|Any CPU.ActiveCfg = Release|Any CPU
		{5653A36B-DAE2-41AF-91BF-43E27D31E865}.Release|Any CPU.Build.0 = Release|Any CPU
	EndGlobalSection
	GlobalSection(SolutionProperties) = preSolution
		HideSolutionNode = FALSE
	EndGlobalSection
	GlobalSection(ExtensibilityGlobals) = postSolution
		SolutionGuid = {778DD666-BC55-464C-B697-184D8E4DC70B}
	EndGlobalSection
EndGlobal
